// !$*UTF8*$!
{
	archiveVersion = 1;
	classes = {
	};
	objectVersion = 46;
	objects = {

/* Begin PBXBuildFile section */
		180CFD9E1DFD4F330042A270 /* BCTMainViewController.m in Sources */ = {isa = PBXBuildFile; fileRef = 180CFD9C1DFD4F330042A270 /* BCTMainViewController.m */; };
		180CFD9F1DFD4F330042A270 /* BCTMainViewController.xib in Resources */ = {isa = PBXBuildFile; fileRef = 180CFD9D1DFD4F330042A270 /* BCTMainViewController.xib */; };
		180CFDA31DFD50770042A270 /* BCTSearchTableViewCell.m in Sources */ = {isa = PBXBuildFile; fileRef = 180CFDA11DFD50770042A270 /* BCTSearchTableViewCell.m */; };
		180CFDA41DFD50770042A270 /* BCTSearchTableViewCell.xib in Resources */ = {isa = PBXBuildFile; fileRef = 180CFDA21DFD50770042A270 /* BCTSearchTableViewCell.xib */; };
		180CFDA81DFD5A9F0042A270 /* BCTDataBaseManager.m in Sources */ = {isa = PBXBuildFile; fileRef = 180CFDA71DFD5A9F0042A270 /* BCTDataBaseManager.m */; };
		180CFDD51DFD64470042A270 /* BCTContact+CoreDataProperties.m in Sources */ = {isa = PBXBuildFile; fileRef = 180CFDCE1DFD64470042A270 /* BCTContact+CoreDataProperties.m */; };
		180CFDD61DFD64470042A270 /* BCTContact.m in Sources */ = {isa = PBXBuildFile; fileRef = 180CFDD01DFD64470042A270 /* BCTContact.m */; };
		180CFDDB1DFD69FB0042A270 /* NSString+Extension.m in Sources */ = {isa = PBXBuildFile; fileRef = 180CFDDA1DFD69FB0042A270 /* NSString+Extension.m */; };
		180CFDDF1DFD72C40042A270 /* BCTContactTableViewCell.m in Sources */ = {isa = PBXBuildFile; fileRef = 180CFDDD1DFD72C40042A270 /* BCTContactTableViewCell.m */; };
		180CFDE01DFD72C40042A270 /* BCTContactTableViewCell.xib in Resources */ = {isa = PBXBuildFile; fileRef = 180CFDDE1DFD72C40042A270 /* BCTContactTableViewCell.xib */; };
		180CFDEC1DFD7DE10042A270 /* ic_add.png in Resources */ = {isa = PBXBuildFile; fileRef = 180CFDE31DFD7DE10042A270 /* ic_add.png */; };
		180CFDED1DFD7DE10042A270 /* ic_add@2x.png in Resources */ = {isa = PBXBuildFile; fileRef = 180CFDE41DFD7DE10042A270 /* ic_add@2x.png */; };
		180CFDEE1DFD7DE10042A270 /* ic_add@3x.png in Resources */ = {isa = PBXBuildFile; fileRef = 180CFDE51DFD7DE10042A270 /* ic_add@3x.png */; };
		180CFDEF1DFD7DE10042A270 /* ic_heart.png in Resources */ = {isa = PBXBuildFile; fileRef = 180CFDE61DFD7DE10042A270 /* ic_heart.png */; };
		180CFDF01DFD7DE10042A270 /* ic_heart@2x.png in Resources */ = {isa = PBXBuildFile; fileRef = 180CFDE71DFD7DE10042A270 /* ic_heart@2x.png */; };
		180CFDF11DFD7DE10042A270 /* ic_heart@3x.png in Resources */ = {isa = PBXBuildFile; fileRef = 180CFDE81DFD7DE10042A270 /* ic_heart@3x.png */; };
		180CFDF21DFD7DE10042A270 /* ic_pencil.png in Resources */ = {isa = PBXBuildFile; fileRef = 180CFDE91DFD7DE10042A270 /* ic_pencil.png */; };
		180CFDF31DFD7DE10042A270 /* ic_pencil@2x.png in Resources */ = {isa = PBXBuildFile; fileRef = 180CFDEA1DFD7DE10042A270 /* ic_pencil@2x.png */; };
		180CFDF41DFD7DE10042A270 /* ic_pencil@3x.png in Resources */ = {isa = PBXBuildFile; fileRef = 180CFDEB1DFD7DE10042A270 /* ic_pencil@3x.png */; };
		180CFDF81DFD88C70042A270 /* ic_clear.png in Resources */ = {isa = PBXBuildFile; fileRef = 180CFDF51DFD88C70042A270 /* ic_clear.png */; };
		180CFDF91DFD88C70042A270 /* ic_clear@2x.png in Resources */ = {isa = PBXBuildFile; fileRef = 180CFDF61DFD88C70042A270 /* ic_clear@2x.png */; };
		180CFDFA1DFD88C70042A270 /* ic_clear@3x.png in Resources */ = {isa = PBXBuildFile; fileRef = 180CFDF71DFD88C70042A270 /* ic_clear@3x.png */; };
		180CFDFE1DFD89480042A270 /* UIImage+Additions.m in Sources */ = {isa = PBXBuildFile; fileRef = 180CFDFD1DFD89480042A270 /* UIImage+Additions.m */; };
		184AB9081E098D880094A6DD /* BCTContactViewController.m in Sources */ = {isa = PBXBuildFile; fileRef = 184AB9061E098D880094A6DD /* BCTContactViewController.m */; };
		184AB9091E098D880094A6DD /* BCTContactViewController.xib in Resources */ = {isa = PBXBuildFile; fileRef = 184AB9071E098D880094A6DD /* BCTContactViewController.xib */; };
		184AB9131E098F020094A6DD /* RPFloatingPlaceholderTextField.m in Sources */ = {isa = PBXBuildFile; fileRef = 184AB90C1E098F020094A6DD /* RPFloatingPlaceholderTextField.m */; };
		184AB9161E098F020094A6DD /* RPFloatingPlaceholderTextView.m in Sources */ = {isa = PBXBuildFile; fileRef = 184AB9121E098F020094A6DD /* RPFloatingPlaceholderTextView.m */; };
		184AB91A1E099B0C0094A6DD /* UIButton+CustomStyle.m in Sources */ = {isa = PBXBuildFile; fileRef = 184AB9191E099B0C0094A6DD /* UIButton+CustomStyle.m */; };
		184AB91F1E09A7C20094A6DD /* AlertViewController.m in Sources */ = {isa = PBXBuildFile; fileRef = 184AB91D1E09A7C20094A6DD /* AlertViewController.m */; };
		184AB9201E09A7C20094A6DD /* AlertViewController.xib in Resources */ = {isa = PBXBuildFile; fileRef = 184AB91E1E09A7C20094A6DD /* AlertViewController.xib */; };
		184AB9231E09A90F0094A6DD /* ic_alert@2x.png in Resources */ = {isa = PBXBuildFile; fileRef = 184AB9211E09A90F0094A6DD /* ic_alert@2x.png */; };
		184AB9241E09A90F0094A6DD /* ic_alert@3x.png in Resources */ = {isa = PBXBuildFile; fileRef = 184AB9221E09A90F0094A6DD /* ic_alert@3x.png */; };
		18A86FE71DEB21DC00B6439E /* main.m in Sources */ = {isa = PBXBuildFile; fileRef = 18A86FE61DEB21DC00B6439E /* main.m */; };
		18A86FEA1DEB21DC00B6439E /* AppDelegate.m in Sources */ = {isa = PBXBuildFile; fileRef = 18A86FE91DEB21DC00B6439E /* AppDelegate.m */; };
		18A86FED1DEB21DC00B6439E /* ViewController.m in Sources */ = {isa = PBXBuildFile; fileRef = 18A86FEC1DEB21DC00B6439E /* ViewController.m */; };
		18A86FF01DEB21DC00B6439E /* Main.storyboard in Resources */ = {isa = PBXBuildFile; fileRef = 18A86FEE1DEB21DC00B6439E /* Main.storyboard */; };
		18A86FF31DEB21DC00B6439E /* BookContacts.xcdatamodeld in Sources */ = {isa = PBXBuildFile; fileRef = 18A86FF11DEB21DC00B6439E /* BookContacts.xcdatamodeld */; };
		18A86FF51DEB21DC00B6439E /* Assets.xcassets in Resources */ = {isa = PBXBuildFile; fileRef = 18A86FF41DEB21DC00B6439E /* Assets.xcassets */; };
		18A86FF81DEB21DC00B6439E /* LaunchScreen.storyboard in Resources */ = {isa = PBXBuildFile; fileRef = 18A86FF61DEB21DC00B6439E /* LaunchScreen.storyboard */; };
		18A870031DEB21DC00B6439E /* BookContactsTests.m in Sources */ = {isa = PBXBuildFile; fileRef = 18A870021DEB21DC00B6439E /* BookContactsTests.m */; };
		18A8700E1DEB21DC00B6439E /* BookContactsUITests.m in Sources */ = {isa = PBXBuildFile; fileRef = 18A8700D1DEB21DC00B6439E /* BookContactsUITests.m */; };
		18A870221DEB22D100B6439E /* BCTValidator.m in Sources */ = {isa = PBXBuildFile; fileRef = 18A870211DEB22D100B6439E /* BCTValidator.m */; };
		BF803BE954FDFDBC66CB701C /* libPods-BookContacts.a in Frameworks */ = {isa = PBXBuildFile; fileRef = 3E065B62674ED2E59BB121D0 /* libPods-BookContacts.a */; };
/* End PBXBuildFile section */

/* Begin PBXContainerItemProxy section */
		18A86FFF1DEB21DC00B6439E /* PBXContainerItemProxy */ = {
			isa = PBXContainerItemProxy;
			containerPortal = 18A86FDA1DEB21DC00B6439E /* Project object */;
			proxyType = 1;
			remoteGlobalIDString = 18A86FE11DEB21DC00B6439E;
			remoteInfo = BookContacts;
		};
		18A8700A1DEB21DC00B6439E /* PBXContainerItemProxy */ = {
			isa = PBXContainerItemProxy;
			containerPortal = 18A86FDA1DEB21DC00B6439E /* Project object */;
			proxyType = 1;
			remoteGlobalIDString = 18A86FE11DEB21DC00B6439E;
			remoteInfo = BookContacts;
		};
/* End PBXContainerItemProxy section */

/* Begin PBXFileReference section */
		180CFD951DFD49EB0042A270 /* BCTConstant.h */ = {isa = PBXFileReference; lastKnownFileType = sourcecode.c.h; name = BCTConstant.h; path = Utils/BCTConstant.h; sourceTree = "<group>"; };
		180CFD961DFD49FF0042A270 /* BCTThemeConstant.h */ = {isa = PBXFileReference; lastKnownFileType = sourcecode.c.h; path = BCTThemeConstant.h; sourceTree = "<group>"; };
		180CFD9B1DFD4F330042A270 /* BCTMainViewController.h */ = {isa = PBXFileReference; fileEncoding = 4; lastKnownFileType = sourcecode.c.h; name = BCTMainViewController.h; path = Controllers/MainViewController/BCTMainViewController.h; sourceTree = "<group>"; };
		180CFD9C1DFD4F330042A270 /* BCTMainViewController.m */ = {isa = PBXFileReference; fileEncoding = 4; lastKnownFileType = sourcecode.c.objc; name = BCTMainViewController.m; path = Controllers/MainViewController/BCTMainViewController.m; sourceTree = "<group>"; };
		180CFD9D1DFD4F330042A270 /* BCTMainViewController.xib */ = {isa = PBXFileReference; fileEncoding = 4; lastKnownFileType = file.xib; name = BCTMainViewController.xib; path = Controllers/MainViewController/BCTMainViewController.xib; sourceTree = "<group>"; };
		180CFDA01DFD50770042A270 /* BCTSearchTableViewCell.h */ = {isa = PBXFileReference; fileEncoding = 4; lastKnownFileType = sourcecode.c.h; name = BCTSearchTableViewCell.h; path = Controllers/MainViewController/BCTSearchTableViewCell.h; sourceTree = "<group>"; };
		180CFDA11DFD50770042A270 /* BCTSearchTableViewCell.m */ = {isa = PBXFileReference; fileEncoding = 4; lastKnownFileType = sourcecode.c.objc; name = BCTSearchTableViewCell.m; path = Controllers/MainViewController/BCTSearchTableViewCell.m; sourceTree = "<group>"; };
		180CFDA21DFD50770042A270 /* BCTSearchTableViewCell.xib */ = {isa = PBXFileReference; fileEncoding = 4; lastKnownFileType = file.xib; name = BCTSearchTableViewCell.xib; path = Controllers/MainViewController/BCTSearchTableViewCell.xib; sourceTree = "<group>"; };
		180CFDA61DFD5A9F0042A270 /* BCTDataBaseManager.h */ = {isa = PBXFileReference; fileEncoding = 4; lastKnownFileType = sourcecode.c.h; name = BCTDataBaseManager.h; path = Utils/DataBaseManager/BCTDataBaseManager.h; sourceTree = "<group>"; };
		180CFDA71DFD5A9F0042A270 /* BCTDataBaseManager.m */ = {isa = PBXFileReference; fileEncoding = 4; lastKnownFileType = sourcecode.c.objc; name = BCTDataBaseManager.m; path = Utils/DataBaseManager/BCTDataBaseManager.m; sourceTree = "<group>"; };
		180CFDCD1DFD64470042A270 /* BCTContact+CoreDataProperties.h */ = {isa = PBXFileReference; fileEncoding = 4; lastKnownFileType = sourcecode.c.h; name = "BCTContact+CoreDataProperties.h"; path = "Model/BCTContact+CoreDataProperties.h"; sourceTree = "<group>"; };
		180CFDCE1DFD64470042A270 /* BCTContact+CoreDataProperties.m */ = {isa = PBXFileReference; fileEncoding = 4; lastKnownFileType = sourcecode.c.objc; name = "BCTContact+CoreDataProperties.m"; path = "Model/BCTContact+CoreDataProperties.m"; sourceTree = "<group>"; };
		180CFDCF1DFD64470042A270 /* BCTContact.h */ = {isa = PBXFileReference; fileEncoding = 4; lastKnownFileType = sourcecode.c.h; name = BCTContact.h; path = Model/BCTContact.h; sourceTree = "<group>"; };
		180CFDD01DFD64470042A270 /* BCTContact.m */ = {isa = PBXFileReference; fileEncoding = 4; lastKnownFileType = sourcecode.c.objc; name = BCTContact.m; path = Model/BCTContact.m; sourceTree = "<group>"; };
		180CFDD91DFD69FB0042A270 /* NSString+Extension.h */ = {isa = PBXFileReference; fileEncoding = 4; lastKnownFileType = sourcecode.c.h; name = "NSString+Extension.h"; path = "Extensions/NSString+Extension.h"; sourceTree = "<group>"; };
		180CFDDA1DFD69FB0042A270 /* NSString+Extension.m */ = {isa = PBXFileReference; fileEncoding = 4; lastKnownFileType = sourcecode.c.objc; name = "NSString+Extension.m"; path = "Extensions/NSString+Extension.m"; sourceTree = "<group>"; };
		180CFDDC1DFD72C40042A270 /* BCTContactTableViewCell.h */ = {isa = PBXFileReference; fileEncoding = 4; lastKnownFileType = sourcecode.c.h; name = BCTContactTableViewCell.h; path = Controllers/MainViewController/BCTContactTableViewCell.h; sourceTree = "<group>"; };
		180CFDDD1DFD72C40042A270 /* BCTContactTableViewCell.m */ = {isa = PBXFileReference; fileEncoding = 4; lastKnownFileType = sourcecode.c.objc; name = BCTContactTableViewCell.m; path = Controllers/MainViewController/BCTContactTableViewCell.m; sourceTree = "<group>"; };
		180CFDDE1DFD72C40042A270 /* BCTContactTableViewCell.xib */ = {isa = PBXFileReference; fileEncoding = 4; lastKnownFileType = file.xib; name = BCTContactTableViewCell.xib; path = Controllers/MainViewController/BCTContactTableViewCell.xib; sourceTree = "<group>"; };
		180CFDE31DFD7DE10042A270 /* ic_add.png */ = {isa = PBXFileReference; lastKnownFileType = image.png; name = ic_add.png; path = Resources/icon/ic_add.png; sourceTree = "<group>"; };
		180CFDE41DFD7DE10042A270 /* ic_add@2x.png */ = {isa = PBXFileReference; lastKnownFileType = image.png; name = "ic_add@2x.png"; path = "Resources/icon/ic_add@2x.png"; sourceTree = "<group>"; };
		180CFDE51DFD7DE10042A270 /* ic_add@3x.png */ = {isa = PBXFileReference; lastKnownFileType = image.png; name = "ic_add@3x.png"; path = "Resources/icon/ic_add@3x.png"; sourceTree = "<group>"; };
		180CFDE61DFD7DE10042A270 /* ic_heart.png */ = {isa = PBXFileReference; lastKnownFileType = image.png; name = ic_heart.png; path = Resources/icon/ic_heart.png; sourceTree = "<group>"; };
		180CFDE71DFD7DE10042A270 /* ic_heart@2x.png */ = {isa = PBXFileReference; lastKnownFileType = image.png; name = "ic_heart@2x.png"; path = "Resources/icon/ic_heart@2x.png"; sourceTree = "<group>"; };
		180CFDE81DFD7DE10042A270 /* ic_heart@3x.png */ = {isa = PBXFileReference; lastKnownFileType = image.png; name = "ic_heart@3x.png"; path = "Resources/icon/ic_heart@3x.png"; sourceTree = "<group>"; };
		180CFDE91DFD7DE10042A270 /* ic_pencil.png */ = {isa = PBXFileReference; lastKnownFileType = image.png; name = ic_pencil.png; path = Resources/icon/ic_pencil.png; sourceTree = "<group>"; };
		180CFDEA1DFD7DE10042A270 /* ic_pencil@2x.png */ = {isa = PBXFileReference; lastKnownFileType = image.png; name = "ic_pencil@2x.png"; path = "Resources/icon/ic_pencil@2x.png"; sourceTree = "<group>"; };
		180CFDEB1DFD7DE10042A270 /* ic_pencil@3x.png */ = {isa = PBXFileReference; lastKnownFileType = image.png; name = "ic_pencil@3x.png"; path = "Resources/icon/ic_pencil@3x.png"; sourceTree = "<group>"; };
		180CFDF51DFD88C70042A270 /* ic_clear.png */ = {isa = PBXFileReference; lastKnownFileType = image.png; name = ic_clear.png; path = Resources/icon/ic_clear.png; sourceTree = "<group>"; };
		180CFDF61DFD88C70042A270 /* ic_clear@2x.png */ = {isa = PBXFileReference; lastKnownFileType = image.png; name = "ic_clear@2x.png"; path = "Resources/icon/ic_clear@2x.png"; sourceTree = "<group>"; };
		180CFDF71DFD88C70042A270 /* ic_clear@3x.png */ = {isa = PBXFileReference; lastKnownFileType = image.png; name = "ic_clear@3x.png"; path = "Resources/icon/ic_clear@3x.png"; sourceTree = "<group>"; };
		180CFDFC1DFD89480042A270 /* UIImage+Additions.h */ = {isa = PBXFileReference; fileEncoding = 4; lastKnownFileType = sourcecode.c.h; name = "UIImage+Additions.h"; path = "Extensions/UIImage+Additions/UIImage+Additions.h"; sourceTree = "<group>"; };
		180CFDFD1DFD89480042A270 /* UIImage+Additions.m */ = {isa = PBXFileReference; fileEncoding = 4; lastKnownFileType = sourcecode.c.objc; name = "UIImage+Additions.m"; path = "Extensions/UIImage+Additions/UIImage+Additions.m"; sourceTree = "<group>"; };
		184AB9051E098D880094A6DD /* BCTContactViewController.h */ = {isa = PBXFileReference; fileEncoding = 4; lastKnownFileType = sourcecode.c.h; name = BCTContactViewController.h; path = Controllers/ContactViewController/BCTContactViewController.h; sourceTree = "<group>"; };
		184AB9061E098D880094A6DD /* BCTContactViewController.m */ = {isa = PBXFileReference; fileEncoding = 4; lastKnownFileType = sourcecode.c.objc; name = BCTContactViewController.m; path = Controllers/ContactViewController/BCTContactViewController.m; sourceTree = "<group>"; };
		184AB9071E098D880094A6DD /* BCTContactViewController.xib */ = {isa = PBXFileReference; fileEncoding = 4; lastKnownFileType = file.xib; name = BCTContactViewController.xib; path = Controllers/ContactViewController/BCTContactViewController.xib; sourceTree = "<group>"; };
		184AB90A1E098F020094A6DD /* RPFloatingPlaceholderConstants.h */ = {isa = PBXFileReference; fileEncoding = 4; lastKnownFileType = sourcecode.c.h; name = RPFloatingPlaceholderConstants.h; path = Utils/RPFloatingPlaceholderTextField/RPFloatingPlaceholderConstants.h; sourceTree = "<group>"; };
		184AB90B1E098F020094A6DD /* RPFloatingPlaceholderTextField.h */ = {isa = PBXFileReference; fileEncoding = 4; lastKnownFileType = sourcecode.c.h; name = RPFloatingPlaceholderTextField.h; path = Utils/RPFloatingPlaceholderTextField/RPFloatingPlaceholderTextField.h; sourceTree = "<group>"; };
		184AB90C1E098F020094A6DD /* RPFloatingPlaceholderTextField.m */ = {isa = PBXFileReference; fileEncoding = 4; lastKnownFileType = sourcecode.c.objc; name = RPFloatingPlaceholderTextField.m; path = Utils/RPFloatingPlaceholderTextField/RPFloatingPlaceholderTextField.m; sourceTree = "<group>"; };
		184AB9111E098F020094A6DD /* RPFloatingPlaceholderTextView.h */ = {isa = PBXFileReference; fileEncoding = 4; lastKnownFileType = sourcecode.c.h; name = RPFloatingPlaceholderTextView.h; path = Utils/RPFloatingPlaceholderTextField/RPFloatingPlaceholderTextView.h; sourceTree = "<group>"; };
		184AB9121E098F020094A6DD /* RPFloatingPlaceholderTextView.m */ = {isa = PBXFileReference; fileEncoding = 4; lastKnownFileType = sourcecode.c.objc; name = RPFloatingPlaceholderTextView.m; path = Utils/RPFloatingPlaceholderTextField/RPFloatingPlaceholderTextView.m; sourceTree = "<group>"; };
		184AB9181E099B0C0094A6DD /* UIButton+CustomStyle.h */ = {isa = PBXFileReference; fileEncoding = 4; lastKnownFileType = sourcecode.c.h; name = "UIButton+CustomStyle.h"; path = "Extensions/UIButton+CustomStyle/UIButton+CustomStyle.h"; sourceTree = "<group>"; };
		184AB9191E099B0C0094A6DD /* UIButton+CustomStyle.m */ = {isa = PBXFileReference; fileEncoding = 4; lastKnownFileType = sourcecode.c.objc; name = "UIButton+CustomStyle.m"; path = "Extensions/UIButton+CustomStyle/UIButton+CustomStyle.m"; sourceTree = "<group>"; };
		184AB91C1E09A7C20094A6DD /* AlertViewController.h */ = {isa = PBXFileReference; fileEncoding = 4; lastKnownFileType = sourcecode.c.h; name = AlertViewController.h; path = Utils/AlertViewController/AlertViewController.h; sourceTree = "<group>"; };
		184AB91D1E09A7C20094A6DD /* AlertViewController.m */ = {isa = PBXFileReference; fileEncoding = 4; lastKnownFileType = sourcecode.c.objc; name = AlertViewController.m; path = Utils/AlertViewController/AlertViewController.m; sourceTree = "<group>"; };
		184AB91E1E09A7C20094A6DD /* AlertViewController.xib */ = {isa = PBXFileReference; fileEncoding = 4; lastKnownFileType = file.xib; name = AlertViewController.xib; path = Utils/AlertViewController/AlertViewController.xib; sourceTree = "<group>"; };
		184AB9211E09A90F0094A6DD /* ic_alert@2x.png */ = {isa = PBXFileReference; lastKnownFileType = image.png; name = "ic_alert@2x.png"; path = "Resources/icon/ic_alert@2x.png"; sourceTree = "<group>"; };
		184AB9221E09A90F0094A6DD /* ic_alert@3x.png */ = {isa = PBXFileReference; lastKnownFileType = image.png; name = "ic_alert@3x.png"; path = "Resources/icon/ic_alert@3x.png"; sourceTree = "<group>"; };
		18A86FE21DEB21DC00B6439E /* BookContacts.app */ = {isa = PBXFileReference; explicitFileType = wrapper.application; includeInIndex = 0; path = BookContacts.app; sourceTree = BUILT_PRODUCTS_DIR; };
		18A86FE61DEB21DC00B6439E /* main.m */ = {isa = PBXFileReference; lastKnownFileType = sourcecode.c.objc; path = main.m; sourceTree = "<group>"; };
		18A86FE81DEB21DC00B6439E /* AppDelegate.h */ = {isa = PBXFileReference; lastKnownFileType = sourcecode.c.h; path = AppDelegate.h; sourceTree = "<group>"; };
		18A86FE91DEB21DC00B6439E /* AppDelegate.m */ = {isa = PBXFileReference; lastKnownFileType = sourcecode.c.objc; path = AppDelegate.m; sourceTree = "<group>"; };
		18A86FEB1DEB21DC00B6439E /* ViewController.h */ = {isa = PBXFileReference; lastKnownFileType = sourcecode.c.h; path = ViewController.h; sourceTree = "<group>"; };
		18A86FEC1DEB21DC00B6439E /* ViewController.m */ = {isa = PBXFileReference; lastKnownFileType = sourcecode.c.objc; path = ViewController.m; sourceTree = "<group>"; };
		18A86FEF1DEB21DC00B6439E /* Base */ = {isa = PBXFileReference; lastKnownFileType = file.storyboard; name = Base; path = Base.lproj/Main.storyboard; sourceTree = "<group>"; };
		18A86FF21DEB21DC00B6439E /* BookContacts.xcdatamodel */ = {isa = PBXFileReference; lastKnownFileType = wrapper.xcdatamodel; path = BookContacts.xcdatamodel; sourceTree = "<group>"; };
		18A86FF41DEB21DC00B6439E /* Assets.xcassets */ = {isa = PBXFileReference; lastKnownFileType = folder.assetcatalog; path = Assets.xcassets; sourceTree = "<group>"; };
		18A86FF71DEB21DC00B6439E /* Base */ = {isa = PBXFileReference; lastKnownFileType = file.storyboard; name = Base; path = Base.lproj/LaunchScreen.storyboard; sourceTree = "<group>"; };
		18A86FF91DEB21DC00B6439E /* Info.plist */ = {isa = PBXFileReference; lastKnownFileType = text.plist.xml; path = Info.plist; sourceTree = "<group>"; };
		18A86FFE1DEB21DC00B6439E /* BookContactsTests.xctest */ = {isa = PBXFileReference; explicitFileType = wrapper.cfbundle; includeInIndex = 0; path = BookContactsTests.xctest; sourceTree = BUILT_PRODUCTS_DIR; };
		18A870021DEB21DC00B6439E /* BookContactsTests.m */ = {isa = PBXFileReference; lastKnownFileType = sourcecode.c.objc; path = BookContactsTests.m; sourceTree = "<group>"; };
		18A870041DEB21DC00B6439E /* Info.plist */ = {isa = PBXFileReference; lastKnownFileType = text.plist.xml; path = Info.plist; sourceTree = "<group>"; };
		18A870091DEB21DC00B6439E /* BookContactsUITests.xctest */ = {isa = PBXFileReference; explicitFileType = wrapper.cfbundle; includeInIndex = 0; path = BookContactsUITests.xctest; sourceTree = BUILT_PRODUCTS_DIR; };
		18A8700D1DEB21DC00B6439E /* BookContactsUITests.m */ = {isa = PBXFileReference; lastKnownFileType = sourcecode.c.objc; path = BookContactsUITests.m; sourceTree = "<group>"; };
		18A8700F1DEB21DC00B6439E /* Info.plist */ = {isa = PBXFileReference; lastKnownFileType = text.plist.xml; path = Info.plist; sourceTree = "<group>"; };
		18A870201DEB22D100B6439E /* BCTValidator.h */ = {isa = PBXFileReference; fileEncoding = 4; lastKnownFileType = sourcecode.c.h; name = BCTValidator.h; path = Utils/BCTValidator/BCTValidator.h; sourceTree = "<group>"; };
		18A870211DEB22D100B6439E /* BCTValidator.m */ = {isa = PBXFileReference; fileEncoding = 4; lastKnownFileType = sourcecode.c.objc; name = BCTValidator.m; path = Utils/BCTValidator/BCTValidator.m; sourceTree = "<group>"; };
		3E065B62674ED2E59BB121D0 /* libPods-BookContacts.a */ = {isa = PBXFileReference; explicitFileType = archive.ar; includeInIndex = 0; path = "libPods-BookContacts.a"; sourceTree = BUILT_PRODUCTS_DIR; };
		5BD34CD4647AA9AC2A0E4356 /* Pods-BookContacts.release.xcconfig */ = {isa = PBXFileReference; includeInIndex = 1; lastKnownFileType = text.xcconfig; name = "Pods-BookContacts.release.xcconfig"; path = "Pods/Target Support Files/Pods-BookContacts/Pods-BookContacts.release.xcconfig"; sourceTree = "<group>"; };
		5F86CD0C4873D8A9874782CF /* Pods-BookContacts.debug.xcconfig */ = {isa = PBXFileReference; includeInIndex = 1; lastKnownFileType = text.xcconfig; name = "Pods-BookContacts.debug.xcconfig"; path = "Pods/Target Support Files/Pods-BookContacts/Pods-BookContacts.debug.xcconfig"; sourceTree = "<group>"; };
/* End PBXFileReference section */

/* Begin PBXFrameworksBuildPhase section */
		18A86FDF1DEB21DC00B6439E /* Frameworks */ = {
			isa = PBXFrameworksBuildPhase;
			buildActionMask = 2147483647;
			files = (
				BF803BE954FDFDBC66CB701C /* libPods-BookContacts.a in Frameworks */,
			);
			runOnlyForDeploymentPostprocessing = 0;
		};
		18A86FFB1DEB21DC00B6439E /* Frameworks */ = {
			isa = PBXFrameworksBuildPhase;
			buildActionMask = 2147483647;
			files = (
			);
			runOnlyForDeploymentPostprocessing = 0;
		};
		18A870061DEB21DC00B6439E /* Frameworks */ = {
			isa = PBXFrameworksBuildPhase;
			buildActionMask = 2147483647;
			files = (
			);
			runOnlyForDeploymentPostprocessing = 0;
		};
/* End PBXFrameworksBuildPhase section */

/* Begin PBXGroup section */
		180CFD971DFD4A2C0042A270 /* MainViewController */ = {
			isa = PBXGroup;
			children = (
				180CFD9B1DFD4F330042A270 /* BCTMainViewController.h */,
				180CFD9C1DFD4F330042A270 /* BCTMainViewController.m */,
				180CFD9D1DFD4F330042A270 /* BCTMainViewController.xib */,
				180CFDA01DFD50770042A270 /* BCTSearchTableViewCell.h */,
				180CFDA11DFD50770042A270 /* BCTSearchTableViewCell.m */,
				180CFDA21DFD50770042A270 /* BCTSearchTableViewCell.xib */,
				180CFDDC1DFD72C40042A270 /* BCTContactTableViewCell.h */,
				180CFDDD1DFD72C40042A270 /* BCTContactTableViewCell.m */,
				180CFDDE1DFD72C40042A270 /* BCTContactTableViewCell.xib */,
			);
			name = MainViewController;
			sourceTree = "<group>";
		};
		180CFDA51DFD5A6E0042A270 /* DataBaseManager */ = {
			isa = PBXGroup;
			children = (
				180CFDA61DFD5A9F0042A270 /* BCTDataBaseManager.h */,
				180CFDA71DFD5A9F0042A270 /* BCTDataBaseManager.m */,
			);
			name = DataBaseManager;
			sourceTree = "<group>";
		};
		180CFDE11DFD7DCC0042A270 /* Resources */ = {
			isa = PBXGroup;
			children = (
				180CFDE21DFD7DD70042A270 /* icon */,
			);
			name = Resources;
			sourceTree = "<group>";
		};
		180CFDE21DFD7DD70042A270 /* icon */ = {
			isa = PBXGroup;
			children = (
				180CFDE31DFD7DE10042A270 /* ic_add.png */,
				180CFDE41DFD7DE10042A270 /* ic_add@2x.png */,
				180CFDE51DFD7DE10042A270 /* ic_add@3x.png */,
				180CFDF51DFD88C70042A270 /* ic_clear.png */,
				180CFDF61DFD88C70042A270 /* ic_clear@2x.png */,
				180CFDF71DFD88C70042A270 /* ic_clear@3x.png */,
				180CFDE61DFD7DE10042A270 /* ic_heart.png */,
				180CFDE71DFD7DE10042A270 /* ic_heart@2x.png */,
				180CFDE81DFD7DE10042A270 /* ic_heart@3x.png */,
				180CFDE91DFD7DE10042A270 /* ic_pencil.png */,
				180CFDEA1DFD7DE10042A270 /* ic_pencil@2x.png */,
				180CFDEB1DFD7DE10042A270 /* ic_pencil@3x.png */,
				184AB9211E09A90F0094A6DD /* ic_alert@2x.png */,
				184AB9221E09A90F0094A6DD /* ic_alert@3x.png */,
			);
			name = icon;
			sourceTree = "<group>";
		};
		180CFDFB1DFD893C0042A270 /* UIImage+Additions */ = {
			isa = PBXGroup;
			children = (
				180CFDFC1DFD89480042A270 /* UIImage+Additions.h */,
				180CFDFD1DFD89480042A270 /* UIImage+Additions.m */,
			);
			name = "UIImage+Additions";
			sourceTree = "<group>";
		};
		180CFDFF1DFD894C0042A270 /* NSString+Extension */ = {
			isa = PBXGroup;
			children = (
				180CFDD91DFD69FB0042A270 /* NSString+Extension.h */,
				180CFDDA1DFD69FB0042A270 /* NSString+Extension.m */,
			);
			name = "NSString+Extension";
			sourceTree = "<group>";
		};
		184AB8FF1E098BF70094A6DD /* ContactViewController */ = {
			isa = PBXGroup;
			children = (
				184AB9051E098D880094A6DD /* BCTContactViewController.h */,
				184AB9061E098D880094A6DD /* BCTContactViewController.m */,
				184AB9071E098D880094A6DD /* BCTContactViewController.xib */,
			);
			name = ContactViewController;
			sourceTree = "<group>";
		};
		184AB9001E098D170094A6DD /* RPFloatingPlaceholderTextField */ = {
			isa = PBXGroup;
			children = (
				184AB90A1E098F020094A6DD /* RPFloatingPlaceholderConstants.h */,
				184AB90B1E098F020094A6DD /* RPFloatingPlaceholderTextField.h */,
				184AB90C1E098F020094A6DD /* RPFloatingPlaceholderTextField.m */,
				184AB9111E098F020094A6DD /* RPFloatingPlaceholderTextView.h */,
				184AB9121E098F020094A6DD /* RPFloatingPlaceholderTextView.m */,
			);
			name = RPFloatingPlaceholderTextField;
			sourceTree = "<group>";
		};
		184AB9171E099AA10094A6DD /* UIButton+CustomStyle */ = {
			isa = PBXGroup;
			children = (
				184AB9181E099B0C0094A6DD /* UIButton+CustomStyle.h */,
				184AB9191E099B0C0094A6DD /* UIButton+CustomStyle.m */,
			);
			name = "UIButton+CustomStyle";
			sourceTree = "<group>";
		};
		184AB91B1E09A7B60094A6DD /* AlertViewController */ = {
			isa = PBXGroup;
			children = (
				184AB91C1E09A7C20094A6DD /* AlertViewController.h */,
				184AB91D1E09A7C20094A6DD /* AlertViewController.m */,
				184AB91E1E09A7C20094A6DD /* AlertViewController.xib */,
			);
			name = AlertViewController;
			sourceTree = "<group>";
		};
		18A86FD91DEB21DC00B6439E = {
			isa = PBXGroup;
			children = (
				18A86FE41DEB21DC00B6439E /* BookContacts */,
				18A870011DEB21DC00B6439E /* BookContactsTests */,
				18A8700C1DEB21DC00B6439E /* BookContactsUITests */,
				18A86FE31DEB21DC00B6439E /* Products */,
				6502E82C2AF8B5770E6CD182 /* Pods */,
				C247F347FCBD6C8CC63C89C9 /* Frameworks */,
			);
			sourceTree = "<group>";
		};
		18A86FE31DEB21DC00B6439E /* Products */ = {
			isa = PBXGroup;
			children = (
				18A86FE21DEB21DC00B6439E /* BookContacts.app */,
				18A86FFE1DEB21DC00B6439E /* BookContactsTests.xctest */,
				18A870091DEB21DC00B6439E /* BookContactsUITests.xctest */,
			);
			name = Products;
			sourceTree = "<group>";
		};
		18A86FE41DEB21DC00B6439E /* BookContacts */ = {
			isa = PBXGroup;
			children = (
				18A8701E1DEB222100B6439E /* Utils */,
				18A8701D1DEB221200B6439E /* Model */,
				18A8701C1DEB220B00B6439E /* Extensions */,
				18A8701B1DEB220400B6439E /* Controllers */,
				18A86FE81DEB21DC00B6439E /* AppDelegate.h */,
				18A86FE91DEB21DC00B6439E /* AppDelegate.m */,
				18A86FEB1DEB21DC00B6439E /* ViewController.h */,
				18A86FEC1DEB21DC00B6439E /* ViewController.m */,
				18A86FEE1DEB21DC00B6439E /* Main.storyboard */,
				18A86FF41DEB21DC00B6439E /* Assets.xcassets */,
				18A86FF61DEB21DC00B6439E /* LaunchScreen.storyboard */,
				18A86FF91DEB21DC00B6439E /* Info.plist */,
				18A86FF11DEB21DC00B6439E /* BookContacts.xcdatamodeld */,
				180CFDE11DFD7DCC0042A270 /* Resources */,
				18A86FE51DEB21DC00B6439E /* Supporting Files */,
			);
			path = BookContacts;
			sourceTree = "<group>";
		};
		18A86FE51DEB21DC00B6439E /* Supporting Files */ = {
			isa = PBXGroup;
			children = (
				18A86FE61DEB21DC00B6439E /* main.m */,
			);
			name = "Supporting Files";
			sourceTree = "<group>";
		};
		18A870011DEB21DC00B6439E /* BookContactsTests */ = {
			isa = PBXGroup;
			children = (
				18A870021DEB21DC00B6439E /* BookContactsTests.m */,
				18A870041DEB21DC00B6439E /* Info.plist */,
			);
			path = BookContactsTests;
			sourceTree = "<group>";
		};
		18A8700C1DEB21DC00B6439E /* BookContactsUITests */ = {
			isa = PBXGroup;
			children = (
				18A8700D1DEB21DC00B6439E /* BookContactsUITests.m */,
				18A8700F1DEB21DC00B6439E /* Info.plist */,
			);
			path = BookContactsUITests;
			sourceTree = "<group>";
		};
		18A8701B1DEB220400B6439E /* Controllers */ = {
			isa = PBXGroup;
			children = (
				184AB8FF1E098BF70094A6DD /* ContactViewController */,
				180CFD971DFD4A2C0042A270 /* MainViewController */,
			);
			name = Controllers;
			sourceTree = "<group>";
		};
		18A8701C1DEB220B00B6439E /* Extensions */ = {
			isa = PBXGroup;
			children = (
				184AB9171E099AA10094A6DD /* UIButton+CustomStyle */,
				180CFDFF1DFD894C0042A270 /* NSString+Extension */,
				180CFDFB1DFD893C0042A270 /* UIImage+Additions */,
			);
			name = Extensions;
			sourceTree = "<group>";
		};
		18A8701D1DEB221200B6439E /* Model */ = {
			isa = PBXGroup;
			children = (
				180CFDCD1DFD64470042A270 /* BCTContact+CoreDataProperties.h */,
				180CFDCE1DFD64470042A270 /* BCTContact+CoreDataProperties.m */,
				180CFDCF1DFD64470042A270 /* BCTContact.h */,
				180CFDD01DFD64470042A270 /* BCTContact.m */,
			);
			name = Model;
			sourceTree = "<group>";
		};
		18A8701E1DEB222100B6439E /* Utils */ = {
			isa = PBXGroup;
			children = (
				184AB91B1E09A7B60094A6DD /* AlertViewController */,
				184AB9001E098D170094A6DD /* RPFloatingPlaceholderTextField */,
				180CFDA51DFD5A6E0042A270 /* DataBaseManager */,
				18A8701F1DEB22AF00B6439E /* BCTValidator */,
				180CFD951DFD49EB0042A270 /* BCTConstant.h */,
				180CFD961DFD49FF0042A270 /* BCTThemeConstant.h */,
			);
			name = Utils;
			sourceTree = "<group>";
		};
		18A8701F1DEB22AF00B6439E /* BCTValidator */ = {
			isa = PBXGroup;
			children = (
				18A870201DEB22D100B6439E /* BCTValidator.h */,
				18A870211DEB22D100B6439E /* BCTValidator.m */,
			);
			name = BCTValidator;
			sourceTree = "<group>";
		};
		6502E82C2AF8B5770E6CD182 /* Pods */ = {
			isa = PBXGroup;
			children = (
				5F86CD0C4873D8A9874782CF /* Pods-BookContacts.debug.xcconfig */,
				5BD34CD4647AA9AC2A0E4356 /* Pods-BookContacts.release.xcconfig */,
			);
			name = Pods;
			sourceTree = "<group>";
		};
		C247F347FCBD6C8CC63C89C9 /* Frameworks */ = {
			isa = PBXGroup;
			children = (
				3E065B62674ED2E59BB121D0 /* libPods-BookContacts.a */,
			);
			name = Frameworks;
			sourceTree = "<group>";
		};
/* End PBXGroup section */

/* Begin PBXNativeTarget section */
		18A86FE11DEB21DC00B6439E /* BookContacts */ = {
			isa = PBXNativeTarget;
			buildConfigurationList = 18A870121DEB21DC00B6439E /* Build configuration list for PBXNativeTarget "BookContacts" */;
			buildPhases = (
				EF49F55E3AC4B7F21B07DDB2 /* [CP] Check Pods Manifest.lock */,
				18A86FDE1DEB21DC00B6439E /* Sources */,
				18A86FDF1DEB21DC00B6439E /* Frameworks */,
				18A86FE01DEB21DC00B6439E /* Resources */,
				080C9668B8CAC19601C4F4A3 /* [CP] Embed Pods Frameworks */,
				1AABC31D060517C414006EC5 /* [CP] Copy Pods Resources */,
			);
			buildRules = (
			);
			dependencies = (
			);
			name = BookContacts;
			productName = BookContacts;
			productReference = 18A86FE21DEB21DC00B6439E /* BookContacts.app */;
			productType = "com.apple.product-type.application";
		};
		18A86FFD1DEB21DC00B6439E /* BookContactsTests */ = {
			isa = PBXNativeTarget;
			buildConfigurationList = 18A870151DEB21DC00B6439E /* Build configuration list for PBXNativeTarget "BookContactsTests" */;
			buildPhases = (
				18A86FFA1DEB21DC00B6439E /* Sources */,
				18A86FFB1DEB21DC00B6439E /* Frameworks */,
				18A86FFC1DEB21DC00B6439E /* Resources */,
			);
			buildRules = (
			);
			dependencies = (
				18A870001DEB21DC00B6439E /* PBXTargetDependency */,
			);
			name = BookContactsTests;
			productName = BookContactsTests;
			productReference = 18A86FFE1DEB21DC00B6439E /* BookContactsTests.xctest */;
			productType = "com.apple.product-type.bundle.unit-test";
		};
		18A870081DEB21DC00B6439E /* BookContactsUITests */ = {
			isa = PBXNativeTarget;
			buildConfigurationList = 18A870181DEB21DC00B6439E /* Build configuration list for PBXNativeTarget "BookContactsUITests" */;
			buildPhases = (
				18A870051DEB21DC00B6439E /* Sources */,
				18A870061DEB21DC00B6439E /* Frameworks */,
				18A870071DEB21DC00B6439E /* Resources */,
			);
			buildRules = (
			);
			dependencies = (
				18A8700B1DEB21DC00B6439E /* PBXTargetDependency */,
			);
			name = BookContactsUITests;
			productName = BookContactsUITests;
			productReference = 18A870091DEB21DC00B6439E /* BookContactsUITests.xctest */;
			productType = "com.apple.product-type.bundle.ui-testing";
		};
/* End PBXNativeTarget section */

/* Begin PBXProject section */
		18A86FDA1DEB21DC00B6439E /* Project object */ = {
			isa = PBXProject;
			attributes = {
				LastUpgradeCheck = 0730;
				ORGANIZATIONNAME = "Chausov Alexander";
				TargetAttributes = {
					18A86FE11DEB21DC00B6439E = {
						CreatedOnToolsVersion = 7.3;
					};
					18A86FFD1DEB21DC00B6439E = {
						CreatedOnToolsVersion = 7.3;
						TestTargetID = 18A86FE11DEB21DC00B6439E;
					};
					18A870081DEB21DC00B6439E = {
						CreatedOnToolsVersion = 7.3;
						TestTargetID = 18A86FE11DEB21DC00B6439E;
					};
				};
			};
			buildConfigurationList = 18A86FDD1DEB21DC00B6439E /* Build configuration list for PBXProject "BookContacts" */;
			compatibilityVersion = "Xcode 3.2";
			developmentRegion = English;
			hasScannedForEncodings = 0;
			knownRegions = (
				en,
				Base,
			);
			mainGroup = 18A86FD91DEB21DC00B6439E;
			productRefGroup = 18A86FE31DEB21DC00B6439E /* Products */;
			projectDirPath = "";
			projectRoot = "";
			targets = (
				18A86FE11DEB21DC00B6439E /* BookContacts */,
				18A86FFD1DEB21DC00B6439E /* BookContactsTests */,
				18A870081DEB21DC00B6439E /* BookContactsUITests */,
			);
		};
/* End PBXProject section */

/* Begin PBXResourcesBuildPhase section */
		18A86FE01DEB21DC00B6439E /* Resources */ = {
			isa = PBXResourcesBuildPhase;
			buildActionMask = 2147483647;
			files = (
				180CFDF11DFD7DE10042A270 /* ic_heart@3x.png in Resources */,
				184AB9231E09A90F0094A6DD /* ic_alert@2x.png in Resources */,
				180CFDF81DFD88C70042A270 /* ic_clear.png in Resources */,
				18A86FF81DEB21DC00B6439E /* LaunchScreen.storyboard in Resources */,
				180CFDA41DFD50770042A270 /* BCTSearchTableViewCell.xib in Resources */,
				180CFDF21DFD7DE10042A270 /* ic_pencil.png in Resources */,
				180CFDF01DFD7DE10042A270 /* ic_heart@2x.png in Resources */,
				180CFDEF1DFD7DE10042A270 /* ic_heart.png in Resources */,
				180CFDEC1DFD7DE10042A270 /* ic_add.png in Resources */,
				180CFDEE1DFD7DE10042A270 /* ic_add@3x.png in Resources */,
				180CFDFA1DFD88C70042A270 /* ic_clear@3x.png in Resources */,
				18A86FF51DEB21DC00B6439E /* Assets.xcassets in Resources */,
				184AB9241E09A90F0094A6DD /* ic_alert@3x.png in Resources */,
				180CFDF41DFD7DE10042A270 /* ic_pencil@3x.png in Resources */,
				184AB9091E098D880094A6DD /* BCTContactViewController.xib in Resources */,
				180CFDF31DFD7DE10042A270 /* ic_pencil@2x.png in Resources */,
				18A86FF01DEB21DC00B6439E /* Main.storyboard in Resources */,
				180CFDE01DFD72C40042A270 /* BCTContactTableViewCell.xib in Resources */,
				180CFDED1DFD7DE10042A270 /* ic_add@2x.png in Resources */,
				180CFDF91DFD88C70042A270 /* ic_clear@2x.png in Resources */,
				180CFD9F1DFD4F330042A270 /* BCTMainViewController.xib in Resources */,
				184AB9201E09A7C20094A6DD /* AlertViewController.xib in Resources */,
			);
			runOnlyForDeploymentPostprocessing = 0;
		};
		18A86FFC1DEB21DC00B6439E /* Resources */ = {
			isa = PBXResourcesBuildPhase;
			buildActionMask = 2147483647;
			files = (
			);
			runOnlyForDeploymentPostprocessing = 0;
		};
		18A870071DEB21DC00B6439E /* Resources */ = {
			isa = PBXResourcesBuildPhase;
			buildActionMask = 2147483647;
			files = (
			);
			runOnlyForDeploymentPostprocessing = 0;
		};
/* End PBXResourcesBuildPhase section */

/* Begin PBXShellScriptBuildPhase section */
		080C9668B8CAC19601C4F4A3 /* [CP] Embed Pods Frameworks */ = {
			isa = PBXShellScriptBuildPhase;
			buildActionMask = 2147483647;
			files = (
			);
			inputPaths = (
			);
			name = "[CP] Embed Pods Frameworks";
			outputPaths = (
			);
			runOnlyForDeploymentPostprocessing = 0;
			shellPath = /bin/sh;
			shellScript = "\"${SRCROOT}/Pods/Target Support Files/Pods-BookContacts/Pods-BookContacts-frameworks.sh\"\n";
			showEnvVarsInLog = 0;
		};
		1AABC31D060517C414006EC5 /* [CP] Copy Pods Resources */ = {
			isa = PBXShellScriptBuildPhase;
			buildActionMask = 2147483647;
			files = (
			);
			inputPaths = (
			);
			name = "[CP] Copy Pods Resources";
			outputPaths = (
			);
			runOnlyForDeploymentPostprocessing = 0;
			shellPath = /bin/sh;
			shellScript = "\"${SRCROOT}/Pods/Target Support Files/Pods-BookContacts/Pods-BookContacts-resources.sh\"\n";
			showEnvVarsInLog = 0;
		};
		EF49F55E3AC4B7F21B07DDB2 /* [CP] Check Pods Manifest.lock */ = {
			isa = PBXShellScriptBuildPhase;
			buildActionMask = 2147483647;
			files = (
			);
			inputPaths = (
			);
			name = "[CP] Check Pods Manifest.lock";
			outputPaths = (
			);
			runOnlyForDeploymentPostprocessing = 0;
			shellPath = /bin/sh;
			shellScript = "diff \"${PODS_ROOT}/../Podfile.lock\" \"${PODS_ROOT}/Manifest.lock\" > /dev/null\nif [ $? != 0 ] ; then\n    # print error to STDERR\n    echo \"error: The sandbox is not in sync with the Podfile.lock. Run 'pod install' or update your CocoaPods installation.\" >&2\n    exit 1\nfi\n";
			showEnvVarsInLog = 0;
		};
/* End PBXShellScriptBuildPhase section */

/* Begin PBXSourcesBuildPhase section */
		18A86FDE1DEB21DC00B6439E /* Sources */ = {
			isa = PBXSourcesBuildPhase;
			buildActionMask = 2147483647;
			files = (
				180CFDD51DFD64470042A270 /* BCTContact+CoreDataProperties.m in Sources */,
				180CFDA81DFD5A9F0042A270 /* BCTDataBaseManager.m in Sources */,
				18A870221DEB22D100B6439E /* BCTValidator.m in Sources */,
				184AB91A1E099B0C0094A6DD /* UIButton+CustomStyle.m in Sources */,
				180CFDDF1DFD72C40042A270 /* BCTContactTableViewCell.m in Sources */,
				18A86FED1DEB21DC00B6439E /* ViewController.m in Sources */,
				180CFDDB1DFD69FB0042A270 /* NSString+Extension.m in Sources */,
				180CFDD61DFD64470042A270 /* BCTContact.m in Sources */,
				18A86FEA1DEB21DC00B6439E /* AppDelegate.m in Sources */,
				184AB91F1E09A7C20094A6DD /* AlertViewController.m in Sources */,
				184AB9081E098D880094A6DD /* BCTContactViewController.m in Sources */,
				18A86FE71DEB21DC00B6439E /* main.m in Sources */,
				184AB9131E098F020094A6DD /* RPFloatingPlaceholderTextField.m in Sources */,
				180CFDA31DFD50770042A270 /* BCTSearchTableViewCell.m in Sources */,
				184AB9161E098F020094A6DD /* RPFloatingPlaceholderTextView.m in Sources */,
				18A86FF31DEB21DC00B6439E /* BookContacts.xcdatamodeld in Sources */,
				180CFDFE1DFD89480042A270 /* UIImage+Additions.m in Sources */,
				180CFD9E1DFD4F330042A270 /* BCTMainViewController.m in Sources */,
			);
			runOnlyForDeploymentPostprocessing = 0;
		};
		18A86FFA1DEB21DC00B6439E /* Sources */ = {
			isa = PBXSourcesBuildPhase;
			buildActionMask = 2147483647;
			files = (
				18A870031DEB21DC00B6439E /* BookContactsTests.m in Sources */,
			);
			runOnlyForDeploymentPostprocessing = 0;
		};
		18A870051DEB21DC00B6439E /* Sources */ = {
			isa = PBXSourcesBuildPhase;
			buildActionMask = 2147483647;
			files = (
				18A8700E1DEB21DC00B6439E /* BookContactsUITests.m in Sources */,
			);
			runOnlyForDeploymentPostprocessing = 0;
		};
/* End PBXSourcesBuildPhase section */

/* Begin PBXTargetDependency section */
		18A870001DEB21DC00B6439E /* PBXTargetDependency */ = {
			isa = PBXTargetDependency;
			target = 18A86FE11DEB21DC00B6439E /* BookContacts */;
			targetProxy = 18A86FFF1DEB21DC00B6439E /* PBXContainerItemProxy */;
		};
		18A8700B1DEB21DC00B6439E /* PBXTargetDependency */ = {
			isa = PBXTargetDependency;
			target = 18A86FE11DEB21DC00B6439E /* BookContacts */;
			targetProxy = 18A8700A1DEB21DC00B6439E /* PBXContainerItemProxy */;
		};
/* End PBXTargetDependency section */

/* Begin PBXVariantGroup section */
		18A86FEE1DEB21DC00B6439E /* Main.storyboard */ = {
			isa = PBXVariantGroup;
			children = (
				18A86FEF1DEB21DC00B6439E /* Base */,
			);
			name = Main.storyboard;
			sourceTree = "<group>";
		};
		18A86FF61DEB21DC00B6439E /* LaunchScreen.storyboard */ = {
			isa = PBXVariantGroup;
			children = (
				18A86FF71DEB21DC00B6439E /* Base */,
			);
			name = LaunchScreen.storyboard;
			sourceTree = "<group>";
		};
/* End PBXVariantGroup section */

/* Begin XCBuildConfiguration section */
		18A870101DEB21DC00B6439E /* Debug */ = {
			isa = XCBuildConfiguration;
			buildSettings = {
				ALWAYS_SEARCH_USER_PATHS = NO;
				CLANG_ANALYZER_NONNULL = YES;
				CLANG_CXX_LANGUAGE_STANDARD = "gnu++0x";
				CLANG_CXX_LIBRARY = "libc++";
				CLANG_ENABLE_MODULES = YES;
				CLANG_ENABLE_OBJC_ARC = YES;
				CLANG_WARN_BOOL_CONVERSION = YES;
				CLANG_WARN_CONSTANT_CONVERSION = YES;
				CLANG_WARN_DIRECT_OBJC_ISA_USAGE = YES_ERROR;
				CLANG_WARN_EMPTY_BODY = YES;
				CLANG_WARN_ENUM_CONVERSION = YES;
				CLANG_WARN_INT_CONVERSION = YES;
				CLANG_WARN_OBJC_ROOT_CLASS = YES_ERROR;
				CLANG_WARN_UNREACHABLE_CODE = YES;
				CLANG_WARN__DUPLICATE_METHOD_MATCH = YES;
				"CODE_SIGN_IDENTITY[sdk=iphoneos*]" = "iPhone Developer";
				COPY_PHASE_STRIP = NO;
				DEBUG_INFORMATION_FORMAT = dwarf;
				ENABLE_STRICT_OBJC_MSGSEND = YES;
				ENABLE_TESTABILITY = YES;
				GCC_C_LANGUAGE_STANDARD = gnu99;
				GCC_DYNAMIC_NO_PIC = NO;
				GCC_NO_COMMON_BLOCKS = YES;
				GCC_OPTIMIZATION_LEVEL = 0;
				GCC_PREPROCESSOR_DEFINITIONS = (
					"DEBUG=1",
					"$(inherited)",
				);
				GCC_WARN_64_TO_32_BIT_CONVERSION = YES;
				GCC_WARN_ABOUT_RETURN_TYPE = YES_ERROR;
				GCC_WARN_UNDECLARED_SELECTOR = YES;
				GCC_WARN_UNINITIALIZED_AUTOS = YES_AGGRESSIVE;
				GCC_WARN_UNUSED_FUNCTION = YES;
				GCC_WARN_UNUSED_VARIABLE = YES;
				IPHONEOS_DEPLOYMENT_TARGET = 9.3;
				MTL_ENABLE_DEBUG_INFO = YES;
				ONLY_ACTIVE_ARCH = YES;
				SDKROOT = iphoneos;
				TARGETED_DEVICE_FAMILY = "1,2";
			};
			name = Debug;
		};
		18A870111DEB21DC00B6439E /* Release */ = {
			isa = XCBuildConfiguration;
			buildSettings = {
				ALWAYS_SEARCH_USER_PATHS = NO;
				CLANG_ANALYZER_NONNULL = YES;
				CLANG_CXX_LANGUAGE_STANDARD = "gnu++0x";
				CLANG_CXX_LIBRARY = "libc++";
				CLANG_ENABLE_MODULES = YES;
				CLANG_ENABLE_OBJC_ARC = YES;
				CLANG_WARN_BOOL_CONVERSION = YES;
				CLANG_WARN_CONSTANT_CONVERSION = YES;
				CLANG_WARN_DIRECT_OBJC_ISA_USAGE = YES_ERROR;
				CLANG_WARN_EMPTY_BODY = YES;
				CLANG_WARN_ENUM_CONVERSION = YES;
				CLANG_WARN_INT_CONVERSION = YES;
				CLANG_WARN_OBJC_ROOT_CLASS = YES_ERROR;
				CLANG_WARN_UNREACHABLE_CODE = YES;
				CLANG_WARN__DUPLICATE_METHOD_MATCH = YES;
				"CODE_SIGN_IDENTITY[sdk=iphoneos*]" = "iPhone Developer";
				COPY_PHASE_STRIP = NO;
				DEBUG_INFORMATION_FORMAT = "dwarf-with-dsym";
				ENABLE_NS_ASSERTIONS = NO;
				ENABLE_STRICT_OBJC_MSGSEND = YES;
				GCC_C_LANGUAGE_STANDARD = gnu99;
				GCC_NO_COMMON_BLOCKS = YES;
				GCC_WARN_64_TO_32_BIT_CONVERSION = YES;
				GCC_WARN_ABOUT_RETURN_TYPE = YES_ERROR;
				GCC_WARN_UNDECLARED_SELECTOR = YES;
				GCC_WARN_UNINITIALIZED_AUTOS = YES_AGGRESSIVE;
				GCC_WARN_UNUSED_FUNCTION = YES;
				GCC_WARN_UNUSED_VARIABLE = YES;
				IPHONEOS_DEPLOYMENT_TARGET = 9.3;
				MTL_ENABLE_DEBUG_INFO = NO;
				SDKROOT = iphoneos;
				TARGETED_DEVICE_FAMILY = "1,2";
				VALIDATE_PRODUCT = YES;
			};
			name = Release;
		};
		18A870131DEB21DC00B6439E /* Debug */ = {
			isa = XCBuildConfiguration;
			baseConfigurationReference = 5F86CD0C4873D8A9874782CF /* Pods-BookContacts.debug.xcconfig */;
			buildSettings = {
				ASSETCATALOG_COMPILER_APPICON_NAME = AppIcon;
				INFOPLIST_FILE = BookContacts/Info.plist;
				LD_RUNPATH_SEARCH_PATHS = "$(inherited) @executable_path/Frameworks";
				PRODUCT_BUNDLE_IDENTIFIER = surf.BookContacts;
				PRODUCT_NAME = "$(TARGET_NAME)";
			};
			name = Debug;
		};
		18A870141DEB21DC00B6439E /* Release */ = {
			isa = XCBuildConfiguration;
			baseConfigurationReference = 5BD34CD4647AA9AC2A0E4356 /* Pods-BookContacts.release.xcconfig */;
			buildSettings = {
				ASSETCATALOG_COMPILER_APPICON_NAME = AppIcon;
				INFOPLIST_FILE = BookContacts/Info.plist;
				LD_RUNPATH_SEARCH_PATHS = "$(inherited) @executable_path/Frameworks";
				PRODUCT_BUNDLE_IDENTIFIER = surf.BookContacts;
				PRODUCT_NAME = "$(TARGET_NAME)";
			};
			name = Release;
		};
		18A870161DEB21DC00B6439E /* Debug */ = {
			isa = XCBuildConfiguration;
			buildSettings = {
				BUNDLE_LOADER = "$(TEST_HOST)";
				INFOPLIST_FILE = BookContactsTests/Info.plist;
				LD_RUNPATH_SEARCH_PATHS = "$(inherited) @executable_path/Frameworks @loader_path/Frameworks";
				PRODUCT_BUNDLE_IDENTIFIER = surf.BookContactsTests;
				PRODUCT_NAME = "$(TARGET_NAME)";
				TEST_HOST = "$(BUILT_PRODUCTS_DIR)/BookContacts.app/BookContacts";
			};
			name = Debug;
		};
		18A870171DEB21DC00B6439E /* Release */ = {
			isa = XCBuildConfiguration;
			buildSettings = {
				BUNDLE_LOADER = "$(TEST_HOST)";
				INFOPLIST_FILE = BookContactsTests/Info.plist;
				LD_RUNPATH_SEARCH_PATHS = "$(inherited) @executable_path/Frameworks @loader_path/Frameworks";
				PRODUCT_BUNDLE_IDENTIFIER = surf.BookContactsTests;
				PRODUCT_NAME = "$(TARGET_NAME)";
				TEST_HOST = "$(BUILT_PRODUCTS_DIR)/BookContacts.app/BookContacts";
			};
			name = Release;
		};
		18A870191DEB21DC00B6439E /* Debug */ = {
			isa = XCBuildConfiguration;
			buildSettings = {
				INFOPLIST_FILE = BookContactsUITests/Info.plist;
				LD_RUNPATH_SEARCH_PATHS = "$(inherited) @executable_path/Frameworks @loader_path/Frameworks";
				PRODUCT_BUNDLE_IDENTIFIER = surf.BookContactsUITests;
				PRODUCT_NAME = "$(TARGET_NAME)";
				TEST_TARGET_NAME = BookContacts;
			};
			name = Debug;
		};
		18A8701A1DEB21DC00B6439E /* Release */ = {
			isa = XCBuildConfiguration;
			buildSettings = {
				INFOPLIST_FILE = BookContactsUITests/Info.plist;
				LD_RUNPATH_SEARCH_PATHS = "$(inherited) @executable_path/Frameworks @loader_path/Frameworks";
				PRODUCT_BUNDLE_IDENTIFIER = surf.BookContactsUITests;
				PRODUCT_NAME = "$(TARGET_NAME)";
				TEST_TARGET_NAME = BookContacts;
			};
			name = Release;
		};
/* End XCBuildConfiguration section */

/* Begin XCConfigurationList section */
		18A86FDD1DEB21DC00B6439E /* Build configuration list for PBXProject "BookContacts" */ = {
			isa = XCConfigurationList;
			buildConfigurations = (
				18A870101DEB21DC00B6439E /* Debug */,
				18A870111DEB21DC00B6439E /* Release */,
			);
			defaultConfigurationIsVisible = 0;
			defaultConfigurationName = Release;
		};
		18A870121DEB21DC00B6439E /* Build configuration list for PBXNativeTarget "BookContacts" */ = {
			isa = XCConfigurationList;
			buildConfigurations = (
				18A870131DEB21DC00B6439E /* Debug */,
				18A870141DEB21DC00B6439E /* Release */,
			);
			defaultConfigurationIsVisible = 0;
			defaultConfigurationName = Release;
		};
		18A870151DEB21DC00B6439E /* Build configuration list for PBXNativeTarget "BookContactsTests" */ = {
			isa = XCConfigurationList;
			buildConfigurations = (
				18A870161DEB21DC00B6439E /* Debug */,
				18A870171DEB21DC00B6439E /* Release */,
			);
			defaultConfigurationIsVisible = 0;
			defaultConfigurationName = Release;
		};
		18A870181DEB21DC00B6439E /* Build configuration list for PBXNativeTarget "BookContactsUITests" */ = {
			isa = XCConfigurationList;
			buildConfigurations = (
				18A870191DEB21DC00B6439E /* Debug */,
				18A8701A1DEB21DC00B6439E /* Release */,
			);
			defaultConfigurationIsVisible = 0;
			defaultConfigurationName = Release;
		};
/* End XCConfigurationList section */

/* Begin XCVersionGroup section */
		18A86FF11DEB21DC00B6439E /* BookContacts.xcdatamodeld */ = {
			isa = XCVersionGroup;
			children = (
				18A86FF21DEB21DC00B6439E /* BookContacts.xcdatamodel */,
			);
			currentVersion = 18A86FF21DEB21DC00B6439E /* BookContacts.xcdatamodel */;
			path = BookContacts.xcdatamodeld;
			sourceTree = "<group>";
			versionGroupType = wrapper.xcdatamodel;
		};
/* End XCVersionGroup section */
	};
	rootObject = 18A86FDA1DEB21DC00B6439E /* Project object */;
}
